
Microsoft Visual Studio Solution File, Format Version 12.00
# Visual Studio Version 16
VisualStudioVersion = 16.0.30128.74
MinimumVisualStudioVersion = 10.0.40219.1
Project("{9A19103F-16F7-4668-BE54-9A1E7A4F7556}") = "MailSender", "MailSender\MailSender.csproj", "{20A8212F-CADA-4606-95B3-8A88959D22FB}"
EndProject
Project("{9A19103F-16F7-4668-BE54-9A1E7A4F7556}") = "MailSender.lib", "MailSender.lib\MailSender.lib.csproj", "{209AB8C2-2C7A-45AE-8780-EE9C56603F2E}"
EndProject
Project("{9A19103F-16F7-4668-BE54-9A1E7A4F7556}") = "TestMailSender", "TestMailSender\TestMailSender.csproj", "{AA644E34-2221-4D2F-9C1E-84F087D555AE}"
EndProject
Project("{FAE04EC0-301F-11D3-BF4B-00C04F79EFBC}") = "ConsoleTests", "ConsoleTests\ConsoleTests.csproj", "{0148199F-A1F6-448C-A1F7-CBF9D83D55EC}"
EndProject
Global
	GlobalSection(SolutionConfigurationPlatforms) = preSolution
		Debug|Any CPU = Debug|Any CPU
		Release|Any CPU = Release|Any CPU
	EndGlobalSection
	GlobalSection(ProjectConfigurationPlatforms) = postSolution
		{20A8212F-CADA-4606-95B3-8A88959D22FB}.Debug|Any CPU.ActiveCfg = Debug|Any CPU
		{20A8212F-CADA-4606-95B3-8A88959D22FB}.Debug|Any CPU.Build.0 = Debug|Any CPU
		{20A8212F-CADA-4606-95B3-8A88959D22FB}.Release|Any CPU.ActiveCfg = Release|Any CPU
		{20A8212F-CADA-4606-95B3-8A88959D22FB}.Release|Any CPU.Build.0 = Release|Any CPU
		{209AB8C2-2C7A-45AE-8780-EE9C56603F2E}.Debug|Any CPU.ActiveCfg = Debug|Any CPU
		{209AB8C2-2C7A-45AE-8780-EE9C56603F2E}.Debug|Any CPU.Build.0 = Debug|Any CPU
		{209AB8C2-2C7A-45AE-8780-EE9C56603F2E}.Release|Any CPU.ActiveCfg = Release|Any CPU
		{209AB8C2-2C7A-45AE-8780-EE9C56603F2E}.Release|Any CPU.Build.0 = Release|Any CPU
		{AA644E34-2221-4D2F-9C1E-84F087D555AE}.Debug|Any CPU.ActiveCfg = Debug|Any CPU
		{AA644E34-2221-4D2F-9C1E-84F087D555AE}.Debug|Any CPU.Build.0 = Debug|Any CPU
		{AA644E34-2221-4D2F-9C1E-84F087D555AE}.Release|Any CPU.ActiveCfg = Release|Any CPU
		{AA644E34-2221-4D2F-9C1E-84F087D555AE}.Release|Any CPU.Build.0 = Release|Any CPU
		{0148199F-A1F6-448C-A1F7-CBF9D83D55EC}.Debug|Any CPU.ActiveCfg = Debug|Any CPU
		{0148199F-A1F6-448C-A1F7-CBF9D83D55EC}.Debug|Any CPU.Build.0 = Debug|Any CPU
		{0148199F-A1F6-448C-A1F7-CBF9D83D55EC}.Release|Any CPU.ActiveCfg = Release|Any CPU
		{0148199F-A1F6-448C-A1F7-CBF9D83D55EC}.Release|Any CPU.Build.0 = Release|Any CPU
	EndGlobalSection
	GlobalSection(SolutionProperties) = preSolution
		HideSolutionNode = FALSE
	EndGlobalSection
	GlobalSection(ExtensibilityGlobals) = postSolution
		SolutionGuid = {AA14E4B1-AA9E-4155-9A07-420A14C242DE}
	EndGlobalSection
EndGlobal
